
Microsoft Visual Studio Solution File, Format Version 12.00
# Visual Studio 15
VisualStudioVersion = 15.0.25807.0
MinimumVisualStudioVersion = 10.0.40219.1
Project("{2150E333-8FDC-42A3-9474-1A3956D46DE8}") = "Engine", "Engine", "{1D6D8EAA-861A-49F6-BAD2-B2CCFF355CAF}"
EndProject
Project("{2150E333-8FDC-42A3-9474-1A3956D46DE8}") = "Games", "Games", "{52AD1CFD-6D72-43EE-9C1E-2DD83C614038}"
EndProject
Project("{8BC9CEB8-8B4A-11D0-8D11-00A0C91BC942}") = "UE4", "Intermediate\ProjectFiles\UE4.vcxproj", "{29BD3C0C-7BEF-4D27-A8F2-FD42DDBA90A5}"
EndProject
Project("{8BC9CEB8-8B4A-11D0-8D11-00A0C91BC942}") = "TestGame", "Intermediate\ProjectFiles\TestGame.vcxproj", "{B57038F5-3251-4FFF-B0B4-2EEAA125A9E4}"
EndProject
Global
	GlobalSection(SolutionConfigurationPlatforms) = preSolution
		DebugGame Editor|HTML5 = DebugGame Editor|HTML5
		DebugGame Editor|Win32 = DebugGame Editor|Win32
		DebugGame Editor|Win64 = DebugGame Editor|Win64
		DebugGame|HTML5 = DebugGame|HTML5
		DebugGame|Win32 = DebugGame|Win32
		DebugGame|Win64 = DebugGame|Win64
		Development Editor|HTML5 = Development Editor|HTML5
		Development Editor|Win32 = Development Editor|Win32
		Development Editor|Win64 = Development Editor|Win64
		Development|HTML5 = Development|HTML5
		Development|Win32 = Development|Win32
		Development|Win64 = Development|Win64
		Shipping|HTML5 = Shipping|HTML5
		Shipping|Win32 = Shipping|Win32
		Shipping|Win64 = Shipping|Win64
	EndGlobalSection
	GlobalSection(ProjectConfigurationPlatforms) = postSolution
		{29BD3C0C-7BEF-4D27-A8F2-FD42DDBA90A5}.DebugGame Editor|HTML5.ActiveCfg = BuiltWithUnrealBuildTool|Win32
		{29BD3C0C-7BEF-4D27-A8F2-FD42DDBA90A5}.DebugGame Editor|HTML5.Build.0 = BuiltWithUnrealBuildTool|Win32
		{29BD3C0C-7BEF-4D27-A8F2-FD42DDBA90A5}.DebugGame Editor|Win32.ActiveCfg = BuiltWithUnrealBuildTool|Win32
		{29BD3C0C-7BEF-4D27-A8F2-FD42DDBA90A5}.DebugGame Editor|Win32.Build.0 = BuiltWithUnrealBuildTool|Win32
		{29BD3C0C-7BEF-4D27-A8F2-FD42DDBA90A5}.DebugGame Editor|Win64.ActiveCfg = BuiltWithUnrealBuildTool|Win32
		{29BD3C0C-7BEF-4D27-A8F2-FD42DDBA90A5}.DebugGame Editor|Win64.Build.0 = BuiltWithUnrealBuildTool|Win32
		{29BD3C0C-7BEF-4D27-A8F2-FD42DDBA90A5}.DebugGame|HTML5.ActiveCfg = BuiltWithUnrealBuildTool|Win32
		{29BD3C0C-7BEF-4D27-A8F2-FD42DDBA90A5}.DebugGame|HTML5.Build.0 = BuiltWithUnrealBuildTool|Win32
		{29BD3C0C-7BEF-4D27-A8F2-FD42DDBA90A5}.DebugGame|Win32.ActiveCfg = BuiltWithUnrealBuildTool|Win32
		{29BD3C0C-7BEF-4D27-A8F2-FD42DDBA90A5}.DebugGame|Win32.Build.0 = BuiltWithUnrealBuildTool|Win32
		{29BD3C0C-7BEF-4D27-A8F2-FD42DDBA90A5}.DebugGame|Win64.ActiveCfg = BuiltWithUnrealBuildTool|Win32
		{29BD3C0C-7BEF-4D27-A8F2-FD42DDBA90A5}.DebugGame|Win64.Build.0 = BuiltWithUnrealBuildTool|Win32
		{29BD3C0C-7BEF-4D27-A8F2-FD42DDBA90A5}.Development Editor|HTML5.ActiveCfg = BuiltWithUnrealBuildTool|Win32
		{29BD3C0C-7BEF-4D27-A8F2-FD42DDBA90A5}.Development Editor|HTML5.Build.0 = BuiltWithUnrealBuildTool|Win32
		{29BD3C0C-7BEF-4D27-A8F2-FD42DDBA90A5}.Development Editor|Win32.ActiveCfg = BuiltWithUnrealBuildTool|Win32
		{29BD3C0C-7BEF-4D27-A8F2-FD42DDBA90A5}.Development Editor|Win32.Build.0 = BuiltWithUnrealBuildTool|Win32
		{29BD3C0C-7BEF-4D27-A8F2-FD42DDBA90A5}.Development Editor|Win64.ActiveCfg = BuiltWithUnrealBuildTool|Win32
		{29BD3C0C-7BEF-4D27-A8F2-FD42DDBA90A5}.Development Editor|Win64.Build.0 = BuiltWithUnrealBuildTool|Win32
		{29BD3C0C-7BEF-4D27-A8F2-FD42DDBA90A5}.Development|HTML5.ActiveCfg = BuiltWithUnrealBuildTool|Win32
		{29BD3C0C-7BEF-4D27-A8F2-FD42DDBA90A5}.Development|HTML5.Build.0 = BuiltWithUnrealBuildTool|Win32
		{29BD3C0C-7BEF-4D27-A8F2-FD42DDBA90A5}.Development|Win32.ActiveCfg = BuiltWithUnrealBuildTool|Win32
		{29BD3C0C-7BEF-4D27-A8F2-FD42DDBA90A5}.Development|Win32.Build.0 = BuiltWithUnrealBuildTool|Win32
		{29BD3C0C-7BEF-4D27-A8F2-FD42DDBA90A5}.Development|Win64.ActiveCfg = BuiltWithUnrealBuildTool|Win32
		{29BD3C0C-7BEF-4D27-A8F2-FD42DDBA90A5}.Development|Win64.Build.0 = BuiltWithUnrealBuildTool|Win32
		{29BD3C0C-7BEF-4D27-A8F2-FD42DDBA90A5}.Shipping|HTML5.ActiveCfg = BuiltWithUnrealBuildTool|Win32
		{29BD3C0C-7BEF-4D27-A8F2-FD42DDBA90A5}.Shipping|HTML5.Build.0 = BuiltWithUnrealBuildTool|Win32
		{29BD3C0C-7BEF-4D27-A8F2-FD42DDBA90A5}.Shipping|Win32.ActiveCfg = BuiltWithUnrealBuildTool|Win32
		{29BD3C0C-7BEF-4D27-A8F2-FD42DDBA90A5}.Shipping|Win32.Build.0 = BuiltWithUnrealBuildTool|Win32
		{29BD3C0C-7BEF-4D27-A8F2-FD42DDBA90A5}.Shipping|Win64.ActiveCfg = BuiltWithUnrealBuildTool|Win32
		{29BD3C0C-7BEF-4D27-A8F2-FD42DDBA90A5}.Shipping|Win64.Build.0 = BuiltWithUnrealBuildTool|Win32
		{B57038F5-3251-4FFF-B0B4-2EEAA125A9E4}.DebugGame Editor|HTML5.ActiveCfg = HTML5_DebugGame_Editor|Win32
		{B57038F5-3251-4FFF-B0B4-2EEAA125A9E4}.DebugGame Editor|Win32.ActiveCfg = DebugGame_Editor|Win32
		{B57038F5-3251-4FFF-B0B4-2EEAA125A9E4}.DebugGame Editor|Win64.ActiveCfg = DebugGame_Editor|x64
		{B57038F5-3251-4FFF-B0B4-2EEAA125A9E4}.DebugGame Editor|Win64.Build.0 = DebugGame_Editor|x64
		{B57038F5-3251-4FFF-B0B4-2EEAA125A9E4}.DebugGame|HTML5.ActiveCfg = HTML5_DebugGame_Game|Win32
		{B57038F5-3251-4FFF-B0B4-2EEAA125A9E4}.DebugGame|HTML5.Build.0 = HTML5_DebugGame_Game|Win32
		{B57038F5-3251-4FFF-B0B4-2EEAA125A9E4}.DebugGame|Win32.ActiveCfg = DebugGame_Game|Win32
		{B57038F5-3251-4FFF-B0B4-2EEAA125A9E4}.DebugGame|Win32.Build.0 = DebugGame_Game|Win32
		{B57038F5-3251-4FFF-B0B4-2EEAA125A9E4}.DebugGame|Win64.ActiveCfg = DebugGame_Game|x64
		{B57038F5-3251-4FFF-B0B4-2EEAA125A9E4}.DebugGame|Win64.Build.0 = DebugGame_Game|x64
		{B57038F5-3251-4FFF-B0B4-2EEAA125A9E4}.Development Editor|HTML5.ActiveCfg = HTML5_Development_Editor|Win32
		{B57038F5-3251-4FFF-B0B4-2EEAA125A9E4}.Development Editor|Win32.ActiveCfg = Development_Editor|Win32
		{B57038F5-3251-4FFF-B0B4-2EEAA125A9E4}.Development Editor|Win64.ActiveCfg = Development_Editor|x64
		{B57038F5-3251-4FFF-B0B4-2EEAA125A9E4}.Development Editor|Win64.Build.0 = Development_Editor|x64
		{B57038F5-3251-4FFF-B0B4-2EEAA125A9E4}.Development|HTML5.ActiveCfg = HTML5_Development_Game|Win32
		{B57038F5-3251-4FFF-B0B4-2EEAA125A9E4}.Development|HTML5.Build.0 = HTML5_Development_Game|Win32
		{B57038F5-3251-4FFF-B0B4-2EEAA125A9E4}.Development|Win32.ActiveCfg = Development_Game|Win32
		{B57038F5-3251-4FFF-B0B4-2EEAA125A9E4}.Development|Win32.Build.0 = Development_Game|Win32
		{B57038F5-3251-4FFF-B0B4-2EEAA125A9E4}.Development|Win64.ActiveCfg = Development_Game|x64
		{B57038F5-3251-4FFF-B0B4-2EEAA125A9E4}.Development|Win64.Build.0 = Development_Game|x64
		{B57038F5-3251-4FFF-B0B4-2EEAA125A9E4}.Shipping|HTML5.ActiveCfg = HTML5_Shipping_Game|Win32
		{B57038F5-3251-4FFF-B0B4-2EEAA125A9E4}.Shipping|HTML5.Build.0 = HTML5_Shipping_Game|Win32
		{B57038F5-3251-4FFF-B0B4-2EEAA125A9E4}.Shipping|Win32.ActiveCfg = Shipping_Game|Win32
		{B57038F5-3251-4FFF-B0B4-2EEAA125A9E4}.Shipping|Win32.Build.0 = Shipping_Game|Win32
		{B57038F5-3251-4FFF-B0B4-2EEAA125A9E4}.Shipping|Win64.ActiveCfg = Shipping_Game|x64
		{B57038F5-3251-4FFF-B0B4-2EEAA125A9E4}.Shipping|Win64.Build.0 = Shipping_Game|x64
	EndGlobalSection
	GlobalSection(SolutionProperties) = preSolution
		HideSolutionNode = FALSE
	EndGlobalSection
	GlobalSection(NestedProjects) = preSolution
		{29BD3C0C-7BEF-4D27-A8F2-FD42DDBA90A5} = {1D6D8EAA-861A-49F6-BAD2-B2CCFF355CAF}
		{B57038F5-3251-4FFF-B0B4-2EEAA125A9E4} = {52AD1CFD-6D72-43EE-9C1E-2DD83C614038}
	EndGlobalSection
	GlobalSection(ExtensibilityGlobals) = postSolution
		SolutionGuid = {FB97862A-FF38-4DB7-B1C8-801FC34C8F5E}
	EndGlobalSection
EndGlobal
